
Microsoft Visual Studio Solution File, Format Version 12.00
# Visual Studio Version 17
VisualStudioVersion = 17.7.34031.279
MinimumVisualStudioVersion = 10.0.40219.1
Project("{9A19103F-16F7-4668-BE54-9A1E7A4F7556}") = "Sepia.Desktop", "Sepia.Desktop\Sepia.Desktop.csproj", "{682CCE45-CD8C-4139-96D6-A4F3A2A1E5EE}"
	ProjectSection(ProjectDependencies) = postProject
		{BAA6B903-BE1B-483B-9825-07B85A128C54} = {BAA6B903-BE1B-483B-9825-07B85A128C54}
	EndProjectSection
EndProject
Project("{8BC9CEB8-8B4A-11D0-8D11-00A0C91BC942}") = "Sepia.AsmLib", "Sepia.AsmLib\Sepia.AsmLib.vcxproj", "{BAA6B903-BE1B-483B-9825-07B85A128C54}"
EndProject
Project("{FAE04EC0-301F-11D3-BF4B-00C04F79EFBC}") = "Sepia.HighLevelSepia", "Sepia.HighLevelSepia\Sepia.HighLevelSepia.csproj", "{71D5E416-FF67-4C2A-93AE-63F7B4D36CA0}"
EndProject
Project("{FAE04EC0-301F-11D3-BF4B-00C04F79EFBC}") = "Sepia.Abstraction", "Sepia.Abstraction\Sepia.Abstraction.csproj", "{5141E875-D5AC-4050-9CD4-19A9149F460C}"
EndProject
Global
	GlobalSection(SolutionConfigurationPlatforms) = preSolution
		Debug|Any CPU = Debug|Any CPU
		Debug|x64 = Debug|x64
		Debug|x86 = Debug|x86
		Release|Any CPU = Release|Any CPU
		Release|x64 = Release|x64
		Release|x86 = Release|x86
	EndGlobalSection
	GlobalSection(ProjectConfigurationPlatforms) = postSolution
		{682CCE45-CD8C-4139-96D6-A4F3A2A1E5EE}.Debug|Any CPU.ActiveCfg = Debug|Any CPU
		{682CCE45-CD8C-4139-96D6-A4F3A2A1E5EE}.Debug|Any CPU.Build.0 = Debug|Any CPU
		{682CCE45-CD8C-4139-96D6-A4F3A2A1E5EE}.Debug|x64.ActiveCfg = Debug|x64
		{682CCE45-CD8C-4139-96D6-A4F3A2A1E5EE}.Debug|x64.Build.0 = Debug|x64
		{682CCE45-CD8C-4139-96D6-A4F3A2A1E5EE}.Debug|x86.ActiveCfg = Debug|Any CPU
		{682CCE45-CD8C-4139-96D6-A4F3A2A1E5EE}.Debug|x86.Build.0 = Debug|Any CPU
		{682CCE45-CD8C-4139-96D6-A4F3A2A1E5EE}.Release|Any CPU.ActiveCfg = Release|Any CPU
		{682CCE45-CD8C-4139-96D6-A4F3A2A1E5EE}.Release|Any CPU.Build.0 = Release|Any CPU
		{682CCE45-CD8C-4139-96D6-A4F3A2A1E5EE}.Release|x64.ActiveCfg = Release|Any CPU
		{682CCE45-CD8C-4139-96D6-A4F3A2A1E5EE}.Release|x64.Build.0 = Release|Any CPU
		{682CCE45-CD8C-4139-96D6-A4F3A2A1E5EE}.Release|x86.ActiveCfg = Release|Any CPU
		{682CCE45-CD8C-4139-96D6-A4F3A2A1E5EE}.Release|x86.Build.0 = Release|Any CPU
		{BAA6B903-BE1B-483B-9825-07B85A128C54}.Debug|Any CPU.ActiveCfg = Debug|x64
		{BAA6B903-BE1B-483B-9825-07B85A128C54}.Debug|Any CPU.Build.0 = Debug|x64
		{BAA6B903-BE1B-483B-9825-07B85A128C54}.Debug|x64.ActiveCfg = Debug|x64
		{BAA6B903-BE1B-483B-9825-07B85A128C54}.Debug|x64.Build.0 = Debug|x64
		{BAA6B903-BE1B-483B-9825-07B85A128C54}.Debug|x86.ActiveCfg = Debug|Win32
		{BAA6B903-BE1B-483B-9825-07B85A128C54}.Debug|x86.Build.0 = Debug|Win32
		{BAA6B903-BE1B-483B-9825-07B85A128C54}.Release|Any CPU.ActiveCfg = Release|x64
		{BAA6B903-BE1B-483B-9825-07B85A128C54}.Release|Any CPU.Build.0 = Release|x64
		{BAA6B903-BE1B-483B-9825-07B85A128C54}.Release|x64.ActiveCfg = Release|x64
		{BAA6B903-BE1B-483B-9825-07B85A128C54}.Release|x64.Build.0 = Release|x64
		{BAA6B903-BE1B-483B-9825-07B85A128C54}.Release|x86.ActiveCfg = Release|Win32
		{BAA6B903-BE1B-483B-9825-07B85A128C54}.Release|x86.Build.0 = Release|Win32
		{71D5E416-FF67-4C2A-93AE-63F7B4D36CA0}.Debug|Any CPU.ActiveCfg = Debug|Any CPU
		{71D5E416-FF67-4C2A-93AE-63F7B4D36CA0}.Debug|Any CPU.Build.0 = Debug|Any CPU
		{71D5E416-FF67-4C2A-93AE-63F7B4D36CA0}.Debug|x64.ActiveCfg = Debug|Any CPU
		{71D5E416-FF67-4C2A-93AE-63F7B4D36CA0}.Debug|x64.Build.0 = Debug|Any CPU
		{71D5E416-FF67-4C2A-93AE-63F7B4D36CA0}.Debug|x86.ActiveCfg = Debug|Any CPU
		{71D5E416-FF67-4C2A-93AE-63F7B4D36CA0}.Debug|x86.Build.0 = Debug|Any CPU
		{71D5E416-FF67-4C2A-93AE-63F7B4D36CA0}.Release|Any CPU.ActiveCfg = Release|Any CPU
		{71D5E416-FF67-4C2A-93AE-63F7B4D36CA0}.Release|Any CPU.Build.0 = Release|Any CPU
		{71D5E416-FF67-4C2A-93AE-63F7B4D36CA0}.Release|x64.ActiveCfg = Release|Any CPU
		{71D5E416-FF67-4C2A-93AE-63F7B4D36CA0}.Release|x64.Build.0 = Release|Any CPU
		{71D5E416-FF67-4C2A-93AE-63F7B4D36CA0}.Release|x86.ActiveCfg = Release|Any CPU
		{71D5E416-FF67-4C2A-93AE-63F7B4D36CA0}.Release|x86.Build.0 = Release|Any CPU
		{5141E875-D5AC-4050-9CD4-19A9149F460C}.Debug|Any CPU.ActiveCfg = Debug|Any CPU
		{5141E875-D5AC-4050-9CD4-19A9149F460C}.Debug|Any CPU.Build.0 = Debug|Any CPU
		{5141E875-D5AC-4050-9CD4-19A9149F460C}.Debug|x64.ActiveCfg = Debug|Any CPU
		{5141E875-D5AC-4050-9CD4-19A9149F460C}.Debug|x64.Build.0 = Debug|Any CPU
		{5141E875-D5AC-4050-9CD4-19A9149F460C}.Debug|x86.ActiveCfg = Debug|Any CPU
		{5141E875-D5AC-4050-9CD4-19A9149F460C}.Debug|x86.Build.0 = Debug|Any CPU
		{5141E875-D5AC-4050-9CD4-19A9149F460C}.Release|Any CPU.ActiveCfg = Release|Any CPU
		{5141E875-D5AC-4050-9CD4-19A9149F460C}.Release|Any CPU.Build.0 = Release|Any CPU
		{5141E875-D5AC-4050-9CD4-19A9149F460C}.Release|x64.ActiveCfg = Release|Any CPU
		{5141E875-D5AC-4050-9CD4-19A9149F460C}.Release|x64.Build.0 = Release|Any CPU
		{5141E875-D5AC-4050-9CD4-19A9149F460C}.Release|x86.ActiveCfg = Release|Any CPU
		{5141E875-D5AC-4050-9CD4-19A9149F460C}.Release|x86.Build.0 = Release|Any CPU
	EndGlobalSection
	GlobalSection(SolutionProperties) = preSolution
		HideSolutionNode = FALSE
	EndGlobalSection
	GlobalSection(ExtensibilityGlobals) = postSolution
		SolutionGuid = {CE5B68E0-0CC7-4ADA-A30F-4B6F0FB64E79}
	EndGlobalSection
EndGlobal
